
Microsoft Visual Studio Solution File, Format Version 12.00
# Visual Studio 15
VisualStudioVersion = 15.0.27130.2027
MinimumVisualStudioVersion = 10.0.40219.1
Project("{F184B08F-C81C-45F6-A57F-5ABD9991F28F}") = "archimedes", "runvirus_newhash\archimedes.vbproj", "{7B462308-64D5-469A-9BE6-22B42ADC7712}"
EndProject
Global
	GlobalSection(SolutionConfigurationPlatforms) = preSolution
		Debug|Any CPU = Debug|Any CPU
		Release|Any CPU = Release|Any CPU
	EndGlobalSection
	GlobalSection(ProjectConfigurationPlatforms) = postSolution
		{7B462308-64D5-469A-9BE6-22B42ADC7712}.Debug|Any CPU.ActiveCfg = Debug|Any CPU
		{7B462308-64D5-469A-9BE6-22B42ADC7712}.Debug|Any CPU.Build.0 = Debug|Any CPU
		{7B462308-64D5-469A-9BE6-22B42ADC7712}.Release|Any CPU.ActiveCfg = Release|Any CPU
		{7B462308-64D5-469A-9BE6-22B42ADC7712}.Release|Any CPU.Build.0 = Release|Any CPU
	EndGlobalSection
	GlobalSection(SolutionProperties) = preSolution
		HideSolutionNode = FALSE
	EndGlobalSection
	GlobalSection(ExtensibilityGlobals) = postSolution
		SolutionGuid = {AC85ED26-C93D-4BDC-AF8E-0A25F89C40EA}
	EndGlobalSection
EndGlobal
